{
  "name": "export-docx",
  "version": "1.0.0",
  "lockfileVersion": 1,
  "requires": true,
  "dependencies": {
    "@xmldom/xmldom": {
      "version": "0.7.5",
      "resolved": "https://registry.nlark.com/@xmldom/xmldom/download/@xmldom/xmldom-0.7.5.tgz",
      "integrity": "sha1-CfpR41bQfQviAGQrDk+R2ObdQI0=",
      "dev": true
    },
    "docxtemplater": {
      "version": "3.28.2",
      "resolved": "https://registry.npmmirror.com/docxtemplater/download/docxtemplater-3.28.2.tgz",
      "integrity": "sha512-i1UHcQjigFNOlwdTWcYvWM/yDZYnjH6YMu8hWipjFWTToSeXFI9HyhiirA0NTz59zaIBpo2k/HFCFATTxSHjnA==",
      "dev": true,
      "requires": {
        "@xmldom/xmldom": "^0.7.5"
      }
    },
    "file-saver": {
      "version": "2.0.5",
      "resolved": "https://registry.npm.taobao.org/file-saver/download/file-saver-2.0.5.tgz?cache=0&sync_timestamp=1605790980036&other_urls=https%3A%2F%2Fregistry.npm.taobao.org%2Ffile-saver%2Fdownload%2Ffile-saver-2.0.5.tgz",
      "integrity": "sha1-1hz+LOBZ9BTYmendbUEH7iVnDDg=",
      "dev": true
    },
    "jszip": {
      "version": "2.6.1",
      "resolved": "https://registry.nlark.com/jszip/download/jszip-2.6.1.tgz",
      "integrity": "sha1-uI86ey5noqBIFSmCx6N1bZxIKPA=",
      "dev": true,
      "requires": {
        "pako": "~1.0.2"
      }
    },
    "jszip-utils": {
      "version": "0.1.0",
      "resolved": "https://registry.npm.taobao.org/jszip-utils/download/jszip-utils-0.1.0.tgz",
      "integrity": "sha1-jATN7c2ykeg/BV9bJhs6MYjOygs=",
      "dev": true
    },
    "open-docxtemplater-image-module": {
      "version": "1.0.3",
      "resolved": "https://registry.npm.taobao.org/open-docxtemplater-image-module/download/open-docxtemplater-image-module-1.0.3.tgz",
      "integrity": "sha1-+7ao6G99yulqq0gt9/2XM/uPJlI=",
      "dev": true,
      "requires": {
        "xmldom": "^0.1.27"
      }
    },
    "pako": {
      "version": "1.0.11",
      "resolved": "https://registry.nlark.com/pako/download/pako-1.0.11.tgz",
      "integrity": "sha1-bJWZ00DVTf05RjgCUqNXBaa5kr8=",
      "dev": true
    },
    "xmldom": {
      "version": "0.1.31",
      "resolved": "https://registry.npm.taobao.org/xmldom/download/xmldom-0.1.31.tgz?cache=0&sync_timestamp=1618680237797&other_urls=https%3A%2F%2Fregistry.npm.taobao.org%2Fxmldom%2Fdownload%2Fxmldom-0.1.31.tgz",
      "integrity": "sha1-t2yaG9nwqXN+WnLcNyMc84N14v8=",
      "dev": true
    }
  }
}
